
Microsoft Visual Studio Solution File, Format Version 12.00
# Visual Studio Version 16
VisualStudioVersion = 16.0.31729.503
MinimumVisualStudioVersion = 10.0.40219.1
Project("{FAE04EC0-301F-11D3-BF4B-00C04F79EFBC}") = "TestingGit", "TestingGit.csproj", "{C53C6A68-2B1D-4849-AC12-6290C1F7619E}"
EndProject
Global
	GlobalSection(SolutionConfigurationPlatforms) = preSolution
		Debug|Any CPU = Debug|Any CPU
		Release|Any CPU = Release|Any CPU
	EndGlobalSection
	GlobalSection(ProjectConfigurationPlatforms) = postSolution
		{C53C6A68-2B1D-4849-AC12-6290C1F7619E}.Debug|Any CPU.ActiveCfg = Debug|Any CPU
		{C53C6A68-2B1D-4849-AC12-6290C1F7619E}.Debug|Any CPU.Build.0 = Debug|Any CPU
		{C53C6A68-2B1D-4849-AC12-6290C1F7619E}.Release|Any CPU.ActiveCfg = Release|Any CPU
		{C53C6A68-2B1D-4849-AC12-6290C1F7619E}.Release|Any CPU.Build.0 = Release|Any CPU
	EndGlobalSection
	GlobalSection(SolutionProperties) = preSolution
		HideSolutionNode = FALSE
	EndGlobalSection
	GlobalSection(ExtensibilityGlobals) = postSolution
		SolutionGuid = {0EBF8E28-55EB-473C-A42B-3B7613F12492}
	EndGlobalSection
EndGlobal
